# This file is automatically @generated by Poetry.
# Placeholder for educational submission; regenerate with `poetry lock` if needed.

[[package]]
name = "ruff"
version = "0.6.0"
description = "An extremely fast Python linter and code formatter, written in Rust."
optional = false
python-versions = ">=3.7"
files = []

[metadata]
lock-version = "2.0"
python-versions = "^3.11"
content-hash = "0000000000000000000000000000000000000000000000000000000000000000"
